
Microsoft Visual Studio Solution File, Format Version 12.00
# Visual Studio 15
VisualStudioVersion = 15.0.28307.779
MinimumVisualStudioVersion = 10.0.40219.1
Project("{FAE04EC0-301F-11D3-BF4B-00C04F79EFBC}") = "TechDocInteractive", "TechDocInteractive\TechDocInteractive.csproj", "{DAA5DBB5-A7BA-4045-B83B-68567649383F}"
EndProject
Project("{2150E333-8FDC-42A3-9474-1A3956D46DE8}") = "Solution Items", "Solution Items", "{CBB43BC4-77AB-4596-B1E7-463F85AE3CEE}"
EndProject
Global
	GlobalSection(SolutionConfigurationPlatforms) = preSolution
		Debug|Any CPU = Debug|Any CPU
		Release|Any CPU = Release|Any CPU
	EndGlobalSection
	GlobalSection(ProjectConfigurationPlatforms) = postSolution
		{DAA5DBB5-A7BA-4045-B83B-68567649383F}.Debug|Any CPU.ActiveCfg = Debug|Any CPU
		{DAA5DBB5-A7BA-4045-B83B-68567649383F}.Debug|Any CPU.Build.0 = Debug|Any CPU
		{DAA5DBB5-A7BA-4045-B83B-68567649383F}.Release|Any CPU.ActiveCfg = Release|Any CPU
		{DAA5DBB5-A7BA-4045-B83B-68567649383F}.Release|Any CPU.Build.0 = Release|Any CPU
	EndGlobalSection
	GlobalSection(SolutionProperties) = preSolution
		HideSolutionNode = FALSE
	EndGlobalSection
	GlobalSection(ExtensibilityGlobals) = postSolution
		SolutionGuid = {D4917246-4752-4323-89A1-C28DB999EB69}
	EndGlobalSection
EndGlobal
